
Microsoft Visual Studio Solution File, Format Version 12.00
# Visual Studio Version 17
VisualStudioVersion = 17.2.32505.173
MinimumVisualStudioVersion = 10.0.40219.1
Project("{FAE04EC0-301F-11D3-BF4B-00C04F79EFBC}") = "InnoClinic.Domain", "InnoClinic.Domain\InnoClinic.Domain.csproj", "{37B2C33D-D49A-45C7-9A87-3603577B7BCA}"
EndProject
Global
	GlobalSection(SolutionConfigurationPlatforms) = preSolution
		Debug|Any CPU = Debug|Any CPU
		Release|Any CPU = Release|Any CPU
	EndGlobalSection
	GlobalSection(ProjectConfigurationPlatforms) = postSolution
		{37B2C33D-D49A-45C7-9A87-3603577B7BCA}.Debug|Any CPU.ActiveCfg = Debug|Any CPU
		{37B2C33D-D49A-45C7-9A87-3603577B7BCA}.Debug|Any CPU.Build.0 = Debug|Any CPU
		{37B2C33D-D49A-45C7-9A87-3603577B7BCA}.Release|Any CPU.ActiveCfg = Release|Any CPU
		{37B2C33D-D49A-45C7-9A87-3603577B7BCA}.Release|Any CPU.Build.0 = Release|Any CPU
	EndGlobalSection
	GlobalSection(SolutionProperties) = preSolution
		HideSolutionNode = FALSE
	EndGlobalSection
	GlobalSection(ExtensibilityGlobals) = postSolution
		SolutionGuid = {456308FC-65CB-44C2-8CCC-2467EE9C7CF3}
	EndGlobalSection
EndGlobal
